
Microsoft Visual Studio Solution File, Format Version 12.00
# Visual Studio 15
VisualStudioVersion = 15.0.27130.2036
MinimumVisualStudioVersion = 10.0.40219.1
Project("{8BC9CEB8-8B4A-11D0-8D11-00A0C91BC942}") = "Hello_CG", "Hello_CG\Hello_CG.vcxproj", "{6097CCD7-7556-4F36-8137-88792C544751}"
EndProject
Project("{8BC9CEB8-8B4A-11D0-8D11-00A0C91BC942}") = "Rectangle", "Rectangle\Rectangle.vcxproj", "{B401EE8B-8E5F-45D4-979C-FC6AA3D0B414}"
EndProject
Project("{8BC9CEB8-8B4A-11D0-8D11-00A0C91BC942}") = "Colorful_Cube", "Colorful_Cube\Colorful_Cube.vcxproj", "{CF10F06C-A6BD-43ED-9232-2455038C0F6B}"
EndProject
Global
	GlobalSection(SolutionConfigurationPlatforms) = preSolution
		Debug|x64 = Debug|x64
		Debug|x86 = Debug|x86
		Release|x64 = Release|x64
		Release|x86 = Release|x86
	EndGlobalSection
	GlobalSection(ProjectConfigurationPlatforms) = postSolution
		{6097CCD7-7556-4F36-8137-88792C544751}.Debug|x64.ActiveCfg = Debug|x64
		{6097CCD7-7556-4F36-8137-88792C544751}.Debug|x64.Build.0 = Debug|x64
		{6097CCD7-7556-4F36-8137-88792C544751}.Debug|x86.ActiveCfg = Debug|Win32
		{6097CCD7-7556-4F36-8137-88792C544751}.Debug|x86.Build.0 = Debug|Win32
		{6097CCD7-7556-4F36-8137-88792C544751}.Release|x64.ActiveCfg = Release|x64
		{6097CCD7-7556-4F36-8137-88792C544751}.Release|x64.Build.0 = Release|x64
		{6097CCD7-7556-4F36-8137-88792C544751}.Release|x86.ActiveCfg = Release|Win32
		{6097CCD7-7556-4F36-8137-88792C544751}.Release|x86.Build.0 = Release|Win32
		{B401EE8B-8E5F-45D4-979C-FC6AA3D0B414}.Debug|x64.ActiveCfg = Debug|x64
		{B401EE8B-8E5F-45D4-979C-FC6AA3D0B414}.Debug|x64.Build.0 = Debug|x64
		{B401EE8B-8E5F-45D4-979C-FC6AA3D0B414}.Debug|x86.ActiveCfg = Debug|Win32
		{B401EE8B-8E5F-45D4-979C-FC6AA3D0B414}.Debug|x86.Build.0 = Debug|Win32
		{B401EE8B-8E5F-45D4-979C-FC6AA3D0B414}.Release|x64.ActiveCfg = Release|x64
		{B401EE8B-8E5F-45D4-979C-FC6AA3D0B414}.Release|x64.Build.0 = Release|x64
		{B401EE8B-8E5F-45D4-979C-FC6AA3D0B414}.Release|x86.ActiveCfg = Release|Win32
		{B401EE8B-8E5F-45D4-979C-FC6AA3D0B414}.Release|x86.Build.0 = Release|Win32
		{CF10F06C-A6BD-43ED-9232-2455038C0F6B}.Debug|x64.ActiveCfg = Debug|x64
		{CF10F06C-A6BD-43ED-9232-2455038C0F6B}.Debug|x64.Build.0 = Debug|x64
		{CF10F06C-A6BD-43ED-9232-2455038C0F6B}.Debug|x86.ActiveCfg = Debug|Win32
		{CF10F06C-A6BD-43ED-9232-2455038C0F6B}.Debug|x86.Build.0 = Debug|Win32
		{CF10F06C-A6BD-43ED-9232-2455038C0F6B}.Release|x64.ActiveCfg = Release|x64
		{CF10F06C-A6BD-43ED-9232-2455038C0F6B}.Release|x64.Build.0 = Release|x64
		{CF10F06C-A6BD-43ED-9232-2455038C0F6B}.Release|x86.ActiveCfg = Release|Win32
		{CF10F06C-A6BD-43ED-9232-2455038C0F6B}.Release|x86.Build.0 = Release|Win32
	EndGlobalSection
	GlobalSection(SolutionProperties) = preSolution
		HideSolutionNode = FALSE
	EndGlobalSection
	GlobalSection(ExtensibilityGlobals) = postSolution
		SolutionGuid = {B91D8924-1A5F-460D-942A-575799E6D8FC}
	EndGlobalSection
EndGlobal
